
Microsoft Visual Studio Solution File, Format Version 12.00
# Visual Studio Version 16
VisualStudioVersion = 16.0.30128.74
MinimumVisualStudioVersion = 10.0.40219.1
Project("{FAE04EC0-301F-11D3-BF4B-00C04F79EFBC}") = "ImageProcessing", "ImageProcessing\ImageProcessing.csproj", "{34E79F33-72E4-42BB-9707-FFF21AD849EA}"
	ProjectSection(ProjectDependencies) = postProject
		{7662A689-1B73-464A-A98F-13BB336CDCF3} = {7662A689-1B73-464A-A98F-13BB336CDCF3}
	EndProjectSection
EndProject
Project("{8BC9CEB8-8B4A-11D0-8D11-00A0C91BC942}") = "LogRecorder", "LogRecorder\LogRecorder.vcxproj", "{7662A689-1B73-464A-A98F-13BB336CDCF3}"
EndProject
Project("{FAE04EC0-301F-11D3-BF4B-00C04F79EFBC}") = "UI", "UI\UI.csproj", "{599FD083-238F-4A99-B02B-91EAE6AEDB5E}"
	ProjectSection(ProjectDependencies) = postProject
		{7662A689-1B73-464A-A98F-13BB336CDCF3} = {7662A689-1B73-464A-A98F-13BB336CDCF3}
	EndProjectSection
EndProject
Project("{FAE04EC0-301F-11D3-BF4B-00C04F79EFBC}") = "Config", "Config\Config.csproj", "{60C16FC7-AFA4-478A-B76F-1C7E9B04342B}"
EndProject
Global
	GlobalSection(SolutionConfigurationPlatforms) = preSolution
		Debug|Any CPU = Debug|Any CPU
		Debug|ARM = Debug|ARM
		Debug|ARM64 = Debug|ARM64
		Debug|x64 = Debug|x64
		Debug|x86 = Debug|x86
		Release|Any CPU = Release|Any CPU
		Release|ARM = Release|ARM
		Release|ARM64 = Release|ARM64
		Release|x64 = Release|x64
		Release|x86 = Release|x86
	EndGlobalSection
	GlobalSection(ProjectConfigurationPlatforms) = postSolution
		{34E79F33-72E4-42BB-9707-FFF21AD849EA}.Debug|Any CPU.ActiveCfg = Debug|Any CPU
		{34E79F33-72E4-42BB-9707-FFF21AD849EA}.Debug|Any CPU.Build.0 = Debug|Any CPU
		{34E79F33-72E4-42BB-9707-FFF21AD849EA}.Debug|ARM.ActiveCfg = Debug|Any CPU
		{34E79F33-72E4-42BB-9707-FFF21AD849EA}.Debug|ARM.Build.0 = Debug|Any CPU
		{34E79F33-72E4-42BB-9707-FFF21AD849EA}.Debug|ARM64.ActiveCfg = Debug|Any CPU
		{34E79F33-72E4-42BB-9707-FFF21AD849EA}.Debug|ARM64.Build.0 = Debug|Any CPU
		{34E79F33-72E4-42BB-9707-FFF21AD849EA}.Debug|x64.ActiveCfg = Debug|x64
		{34E79F33-72E4-42BB-9707-FFF21AD849EA}.Debug|x64.Build.0 = Debug|x64
		{34E79F33-72E4-42BB-9707-FFF21AD849EA}.Debug|x86.ActiveCfg = Debug|Any CPU
		{34E79F33-72E4-42BB-9707-FFF21AD849EA}.Debug|x86.Build.0 = Debug|Any CPU
		{34E79F33-72E4-42BB-9707-FFF21AD849EA}.Release|Any CPU.ActiveCfg = Release|Any CPU
		{34E79F33-72E4-42BB-9707-FFF21AD849EA}.Release|Any CPU.Build.0 = Release|Any CPU
		{34E79F33-72E4-42BB-9707-FFF21AD849EA}.Release|ARM.ActiveCfg = Release|Any CPU
		{34E79F33-72E4-42BB-9707-FFF21AD849EA}.Release|ARM.Build.0 = Release|Any CPU
		{34E79F33-72E4-42BB-9707-FFF21AD849EA}.Release|ARM64.ActiveCfg = Release|Any CPU
		{34E79F33-72E4-42BB-9707-FFF21AD849EA}.Release|ARM64.Build.0 = Release|Any CPU
		{34E79F33-72E4-42BB-9707-FFF21AD849EA}.Release|x64.ActiveCfg = Release|x64
		{34E79F33-72E4-42BB-9707-FFF21AD849EA}.Release|x64.Build.0 = Release|x64
		{34E79F33-72E4-42BB-9707-FFF21AD849EA}.Release|x86.ActiveCfg = Release|Any CPU
		{34E79F33-72E4-42BB-9707-FFF21AD849EA}.Release|x86.Build.0 = Release|Any CPU
		{7662A689-1B73-464A-A98F-13BB336CDCF3}.Debug|Any CPU.ActiveCfg = Debug|Win32
		{7662A689-1B73-464A-A98F-13BB336CDCF3}.Debug|ARM.ActiveCfg = Debug|Win32
		{7662A689-1B73-464A-A98F-13BB336CDCF3}.Debug|ARM64.ActiveCfg = Debug|Win32
		{7662A689-1B73-464A-A98F-13BB336CDCF3}.Debug|x64.ActiveCfg = Debug|x64
		{7662A689-1B73-464A-A98F-13BB336CDCF3}.Debug|x64.Build.0 = Debug|x64
		{7662A689-1B73-464A-A98F-13BB336CDCF3}.Debug|x86.ActiveCfg = Debug|Win32
		{7662A689-1B73-464A-A98F-13BB336CDCF3}.Debug|x86.Build.0 = Debug|Win32
		{7662A689-1B73-464A-A98F-13BB336CDCF3}.Release|Any CPU.ActiveCfg = Release|Win32
		{7662A689-1B73-464A-A98F-13BB336CDCF3}.Release|ARM.ActiveCfg = Release|Win32
		{7662A689-1B73-464A-A98F-13BB336CDCF3}.Release|ARM64.ActiveCfg = Release|Win32
		{7662A689-1B73-464A-A98F-13BB336CDCF3}.Release|x64.ActiveCfg = Release|x64
		{7662A689-1B73-464A-A98F-13BB336CDCF3}.Release|x64.Build.0 = Release|x64
		{7662A689-1B73-464A-A98F-13BB336CDCF3}.Release|x86.ActiveCfg = Release|Win32
		{7662A689-1B73-464A-A98F-13BB336CDCF3}.Release|x86.Build.0 = Release|Win32
		{599FD083-238F-4A99-B02B-91EAE6AEDB5E}.Debug|Any CPU.ActiveCfg = Debug|Any CPU
		{599FD083-238F-4A99-B02B-91EAE6AEDB5E}.Debug|Any CPU.Build.0 = Debug|Any CPU
		{599FD083-238F-4A99-B02B-91EAE6AEDB5E}.Debug|ARM.ActiveCfg = Debug|Any CPU
		{599FD083-238F-4A99-B02B-91EAE6AEDB5E}.Debug|ARM.Build.0 = Debug|Any CPU
		{599FD083-238F-4A99-B02B-91EAE6AEDB5E}.Debug|ARM64.ActiveCfg = Debug|Any CPU
		{599FD083-238F-4A99-B02B-91EAE6AEDB5E}.Debug|ARM64.Build.0 = Debug|Any CPU
		{599FD083-238F-4A99-B02B-91EAE6AEDB5E}.Debug|x64.ActiveCfg = Debug|x64
		{599FD083-238F-4A99-B02B-91EAE6AEDB5E}.Debug|x64.Build.0 = Debug|x64
		{599FD083-238F-4A99-B02B-91EAE6AEDB5E}.Debug|x86.ActiveCfg = Debug|Any CPU
		{599FD083-238F-4A99-B02B-91EAE6AEDB5E}.Debug|x86.Build.0 = Debug|Any CPU
		{599FD083-238F-4A99-B02B-91EAE6AEDB5E}.Release|Any CPU.ActiveCfg = Release|Any CPU
		{599FD083-238F-4A99-B02B-91EAE6AEDB5E}.Release|Any CPU.Build.0 = Release|Any CPU
		{599FD083-238F-4A99-B02B-91EAE6AEDB5E}.Release|ARM.ActiveCfg = Release|Any CPU
		{599FD083-238F-4A99-B02B-91EAE6AEDB5E}.Release|ARM.Build.0 = Release|Any CPU
		{599FD083-238F-4A99-B02B-91EAE6AEDB5E}.Release|ARM64.ActiveCfg = Release|Any CPU
		{599FD083-238F-4A99-B02B-91EAE6AEDB5E}.Release|ARM64.Build.0 = Release|Any CPU
		{599FD083-238F-4A99-B02B-91EAE6AEDB5E}.Release|x64.ActiveCfg = Release|x64
		{599FD083-238F-4A99-B02B-91EAE6AEDB5E}.Release|x64.Build.0 = Release|x64
		{599FD083-238F-4A99-B02B-91EAE6AEDB5E}.Release|x86.ActiveCfg = Release|Any CPU
		{599FD083-238F-4A99-B02B-91EAE6AEDB5E}.Release|x86.Build.0 = Release|Any CPU
		{60C16FC7-AFA4-478A-B76F-1C7E9B04342B}.Debug|Any CPU.ActiveCfg = Debug|Any CPU
		{60C16FC7-AFA4-478A-B76F-1C7E9B04342B}.Debug|Any CPU.Build.0 = Debug|Any CPU
		{60C16FC7-AFA4-478A-B76F-1C7E9B04342B}.Debug|ARM.ActiveCfg = Debug|Any CPU
		{60C16FC7-AFA4-478A-B76F-1C7E9B04342B}.Debug|ARM.Build.0 = Debug|Any CPU
		{60C16FC7-AFA4-478A-B76F-1C7E9B04342B}.Debug|ARM64.ActiveCfg = Debug|Any CPU
		{60C16FC7-AFA4-478A-B76F-1C7E9B04342B}.Debug|ARM64.Build.0 = Debug|Any CPU
		{60C16FC7-AFA4-478A-B76F-1C7E9B04342B}.Debug|x64.ActiveCfg = Debug|x64
		{60C16FC7-AFA4-478A-B76F-1C7E9B04342B}.Debug|x64.Build.0 = Debug|x64
		{60C16FC7-AFA4-478A-B76F-1C7E9B04342B}.Debug|x86.ActiveCfg = Debug|Any CPU
		{60C16FC7-AFA4-478A-B76F-1C7E9B04342B}.Debug|x86.Build.0 = Debug|Any CPU
		{60C16FC7-AFA4-478A-B76F-1C7E9B04342B}.Release|Any CPU.ActiveCfg = Release|Any CPU
		{60C16FC7-AFA4-478A-B76F-1C7E9B04342B}.Release|Any CPU.Build.0 = Release|Any CPU
		{60C16FC7-AFA4-478A-B76F-1C7E9B04342B}.Release|ARM.ActiveCfg = Release|Any CPU
		{60C16FC7-AFA4-478A-B76F-1C7E9B04342B}.Release|ARM.Build.0 = Release|Any CPU
		{60C16FC7-AFA4-478A-B76F-1C7E9B04342B}.Release|ARM64.ActiveCfg = Release|Any CPU
		{60C16FC7-AFA4-478A-B76F-1C7E9B04342B}.Release|ARM64.Build.0 = Release|Any CPU
		{60C16FC7-AFA4-478A-B76F-1C7E9B04342B}.Release|x64.ActiveCfg = Release|x64
		{60C16FC7-AFA4-478A-B76F-1C7E9B04342B}.Release|x64.Build.0 = Release|x64
		{60C16FC7-AFA4-478A-B76F-1C7E9B04342B}.Release|x86.ActiveCfg = Release|Any CPU
		{60C16FC7-AFA4-478A-B76F-1C7E9B04342B}.Release|x86.Build.0 = Release|Any CPU
	EndGlobalSection
	GlobalSection(SolutionProperties) = preSolution
		HideSolutionNode = FALSE
	EndGlobalSection
	GlobalSection(ExtensibilityGlobals) = postSolution
		SolutionGuid = {C740C62E-DE8F-46E3-8A88-B92CB75E3108}
	EndGlobalSection
EndGlobal
